// !$*UTF8*$!
{
	archiveVersion = 1;
	classes = {
	};
	objectVersion = 46;
	objects = {

/* Begin PBXBuildFile section */
		57BEB9481220901500874EF1 /* Utility.m in Sources */ = {isa = PBXBuildFile; fileRef = 57BEB9471220901500874EF1 /* Utility.m */; };
		5D60B7381220A12B00A3A6BF /* space-bg.png in Resources */ = {isa = PBXBuildFile; fileRef = 5D60B7371220A12B00A3A6BF /* space-bg.png */; };
		5D60B7951220A32300A3A6BF /* QuartzCore.framework in Frameworks */ = {isa = PBXBuildFile; fileRef = 5D60B7941220A32300A3A6BF /* QuartzCore.framework */; };
		5D60B7A71220A38800A3A6BF /* CALayer+Additions.m in Sources */ = {isa = PBXBuildFile; fileRef = 5D60B7A61220A38800A3A6BF /* CALayer+Additions.m */; };
		F29DD6BC1221A70B00B8F7BE /* RegexKitLite.m in Sources */ = {isa = PBXBuildFile; fileRef = F29DD6BB1221A70B00B8F7BE /* RegexKitLite.m */; };
		F29DD6C51221A80300B8F7BE /* libicucore.dylib in Frameworks */ = {isa = PBXBuildFile; fileRef = F29DD6C41221A80300B8F7BE /* libicucore.dylib */; };
		F2B0046012205DCE0055478E /* Twitter.m in Sources */ = {isa = PBXBuildFile; fileRef = F2B0045D12205DCE0055478E /* Twitter.m */; };
		F2B0046112205DCE0055478E /* Tweet.m in Sources */ = {isa = PBXBuildFile; fileRef = F2B0045F12205DCE0055478E /* Tweet.m */; };
		F2B0046712205EC50055478E /* TweetView.m in Sources */ = {isa = PBXBuildFile; fileRef = F2B0046612205EC50055478E /* TweetView.m */; };
		F2B0046912205ED20055478E /* TweetView.xib in Resources */ = {isa = PBXBuildFile; fileRef = F2B0046812205ED20055478E /* TweetView.xib */; };
		F2CF8E2B1220439E00CDF2EE /* UIKit.framework in Frameworks */ = {isa = PBXBuildFile; fileRef = F2CF8E2A1220439E00CDF2EE /* UIKit.framework */; };
		F2CF8E2D1220439E00CDF2EE /* Foundation.framework in Frameworks */ = {isa = PBXBuildFile; fileRef = F2CF8E2C1220439E00CDF2EE /* Foundation.framework */; };
		F2CF8E2F1220439E00CDF2EE /* CoreGraphics.framework in Frameworks */ = {isa = PBXBuildFile; fileRef = F2CF8E2E1220439E00CDF2EE /* CoreGraphics.framework */; };
		F2CF8E341220439E00CDF2EE /* InfoPlist.strings in Resources */ = {isa = PBXBuildFile; fileRef = F2CF8E321220439E00CDF2EE /* InfoPlist.strings */; };
		F2CF8E361220439E00CDF2EE /* main.m in Sources */ = {isa = PBXBuildFile; fileRef = F2CF8E351220439E00CDF2EE /* main.m */; };
		F2CF8E391220439E00CDF2EE /* TweetWallAppDelegate.m in Sources */ = {isa = PBXBuildFile; fileRef = F2CF8E381220439E00CDF2EE /* TweetWallAppDelegate.m */; };
		F2CF8E3C1220439E00CDF2EE /* MainWindow.xib in Resources */ = {isa = PBXBuildFile; fileRef = F2CF8E3A1220439E00CDF2EE /* MainWindow.xib */; };
		F2CF8E3F1220439E00CDF2EE /* TweetWallViewController.m in Sources */ = {isa = PBXBuildFile; fileRef = F2CF8E3E1220439E00CDF2EE /* TweetWallViewController.m */; };
		F2CF8E421220439E00CDF2EE /* TweetWallViewController.xib in Resources */ = {isa = PBXBuildFile; fileRef = F2CF8E401220439E00CDF2EE /* TweetWallViewController.xib */; };
		F2D76A1B122047C50084F721 /* CDataScanner_Extensions.m in Sources */ = {isa = PBXBuildFile; fileRef = F2D76A08122047C50084F721 /* CDataScanner_Extensions.m */; };
		F2D76A1C122047C50084F721 /* NSCharacterSet_Extensions.m in Sources */ = {isa = PBXBuildFile; fileRef = F2D76A0A122047C50084F721 /* NSCharacterSet_Extensions.m */; };
		F2D76A1D122047C50084F721 /* NSDictionary_JSONExtensions.m in Sources */ = {isa = PBXBuildFile; fileRef = F2D76A0C122047C50084F721 /* NSDictionary_JSONExtensions.m */; };
		F2D76A1E122047C50084F721 /* NSScanner_Extensions.m in Sources */ = {isa = PBXBuildFile; fileRef = F2D76A0E122047C50084F721 /* NSScanner_Extensions.m */; };
		F2D76A1F122047C50084F721 /* CJSONDataSerializer.m in Sources */ = {isa = PBXBuildFile; fileRef = F2D76A10122047C50084F721 /* CJSONDataSerializer.m */; };
		F2D76A20122047C50084F721 /* CJSONDeserializer.m in Sources */ = {isa = PBXBuildFile; fileRef = F2D76A12122047C50084F721 /* CJSONDeserializer.m */; };
		F2D76A21122047C50084F721 /* CJSONScanner.m in Sources */ = {isa = PBXBuildFile; fileRef = F2D76A14122047C50084F721 /* CJSONScanner.m */; };
		F2D76A22122047C50084F721 /* CJSONSerializer.m in Sources */ = {isa = PBXBuildFile; fileRef = F2D76A16122047C50084F721 /* CJSONSerializer.m */; };
		F2D76A23122047C50084F721 /* CSerializedJSONData.m in Sources */ = {isa = PBXBuildFile; fileRef = F2D76A18122047C50084F721 /* CSerializedJSONData.m */; };
		F2D76A24122047C50084F721 /* CDataScanner.m in Sources */ = {isa = PBXBuildFile; fileRef = F2D76A1A122047C50084F721 /* CDataScanner.m */; };
		F2D76A30122048280084F721 /* ImageLoader.m in Sources */ = {isa = PBXBuildFile; fileRef = F2D76A2C122048280084F721 /* ImageLoader.m */; };
		F2F470591221C1A200AF5FC1 /* large-speech-bubble.png in Resources */ = {isa = PBXBuildFile; fileRef = F2F470571221C1A200AF5FC1 /* large-speech-bubble.png */; };
		F2F4705A1221C1A200AF5FC1 /* user-block-bg.png in Resources */ = {isa = PBXBuildFile; fileRef = F2F470581221C1A200AF5FC1 /* user-block-bg.png */; };
/* End PBXBuildFile section */

/* Begin PBXFileReference section */
		57BEB9461220901500874EF1 /* Utility.h */ = {isa = PBXFileReference; fileEncoding = 4; lastKnownFileType = sourcecode.c.h; path = Utility.h; sourceTree = "<group>"; };
		57BEB9471220901500874EF1 /* Utility.m */ = {isa = PBXFileReference; fileEncoding = 4; lastKnownFileType = sourcecode.c.objc; path = Utility.m; sourceTree = "<group>"; };
		5D60B7371220A12B00A3A6BF /* space-bg.png */ = {isa = PBXFileReference; lastKnownFileType = image.png; path = "space-bg.png"; sourceTree = "<group>"; };
		5D60B7941220A32300A3A6BF /* QuartzCore.framework */ = {isa = PBXFileReference; lastKnownFileType = wrapper.framework; name = QuartzCore.framework; path = System/Library/Frameworks/QuartzCore.framework; sourceTree = SDKROOT; };
		5D60B7A51220A38800A3A6BF /* CALayer+Additions.h */ = {isa = PBXFileReference; fileEncoding = 4; lastKnownFileType = sourcecode.c.h; path = "CALayer+Additions.h"; sourceTree = "<group>"; };
		5D60B7A61220A38800A3A6BF /* CALayer+Additions.m */ = {isa = PBXFileReference; fileEncoding = 4; lastKnownFileType = sourcecode.c.objc; path = "CALayer+Additions.m"; sourceTree = "<group>"; };
		F29DD6BA1221A70B00B8F7BE /* RegexKitLite.h */ = {isa = PBXFileReference; fileEncoding = 4; lastKnownFileType = sourcecode.c.h; path = RegexKitLite.h; sourceTree = "<group>"; };
		F29DD6BB1221A70B00B8F7BE /* RegexKitLite.m */ = {isa = PBXFileReference; fileEncoding = 4; lastKnownFileType = sourcecode.c.objc; path = RegexKitLite.m; sourceTree = "<group>"; };
		F29DD6C41221A80300B8F7BE /* libicucore.dylib */ = {isa = PBXFileReference; lastKnownFileType = "compiled.mach-o.dylib"; name = libicucore.dylib; path = usr/lib/libicucore.dylib; sourceTree = SDKROOT; };
		F2B0045C12205DCE0055478E /* Twitter.h */ = {isa = PBXFileReference; fileEncoding = 4; lastKnownFileType = sourcecode.c.h; path = Twitter.h; sourceTree = "<group>"; };
		F2B0045D12205DCE0055478E /* Twitter.m */ = {isa = PBXFileReference; fileEncoding = 4; lastKnownFileType = sourcecode.c.objc; path = Twitter.m; sourceTree = "<group>"; };
		F2B0045E12205DCE0055478E /* Tweet.h */ = {isa = PBXFileReference; fileEncoding = 4; lastKnownFileType = sourcecode.c.h; path = Tweet.h; sourceTree = "<group>"; };
		F2B0045F12205DCE0055478E /* Tweet.m */ = {isa = PBXFileReference; fileEncoding = 4; lastKnownFileType = sourcecode.c.objc; path = Tweet.m; sourceTree = "<group>"; };
		F2B0046512205EC50055478E /* TweetView.h */ = {isa = PBXFileReference; fileEncoding = 4; lastKnownFileType = sourcecode.c.h; path = TweetView.h; sourceTree = "<group>"; };
		F2B0046612205EC50055478E /* TweetView.m */ = {isa = PBXFileReference; fileEncoding = 4; lastKnownFileType = sourcecode.c.objc; path = TweetView.m; sourceTree = "<group>"; };
		F2B0046812205ED20055478E /* TweetView.xib */ = {isa = PBXFileReference; lastKnownFileType = file.xib; path = TweetView.xib; sourceTree = "<group>"; };
		F2CF8E271220439E00CDF2EE /* TweetWall.app */ = {isa = PBXFileReference; explicitFileType = wrapper.application; includeInIndex = 0; path = TweetWall.app; sourceTree = BUILT_PRODUCTS_DIR; };
		F2CF8E2A1220439E00CDF2EE /* UIKit.framework */ = {isa = PBXFileReference; lastKnownFileType = wrapper.framework; name = UIKit.framework; path = System/Library/Frameworks/UIKit.framework; sourceTree = SDKROOT; };
		F2CF8E2C1220439E00CDF2EE /* Foundation.framework */ = {isa = PBXFileReference; lastKnownFileType = wrapper.framework; name = Foundation.framework; path = System/Library/Frameworks/Foundation.framework; sourceTree = SDKROOT; };
		F2CF8E2E1220439E00CDF2EE /* CoreGraphics.framework */ = {isa = PBXFileReference; lastKnownFileType = wrapper.framework; name = CoreGraphics.framework; path = System/Library/Frameworks/CoreGraphics.framework; sourceTree = SDKROOT; };
		F2CF8E301220439E00CDF2EE /* TweetWall-Info.plist */ = {isa = PBXFileReference; lastKnownFileType = text.plist.xml; path = "TweetWall-Info.plist"; sourceTree = "<group>"; };
		F2CF8E311220439E00CDF2EE /* TweetWall_Prefix.pch */ = {isa = PBXFileReference; lastKnownFileType = sourcecode.c.h; path = TweetWall_Prefix.pch; sourceTree = "<group>"; };
		F2CF8E331220439E00CDF2EE /* en */ = {isa = PBXFileReference; lastKnownFileType = text.plist.strings; name = en; path = en.lproj/InfoPlist.strings; sourceTree = "<group>"; };
		F2CF8E351220439E00CDF2EE /* main.m */ = {isa = PBXFileReference; lastKnownFileType = sourcecode.c.objc; path = main.m; sourceTree = "<group>"; };
		F2CF8E371220439E00CDF2EE /* TweetWallAppDelegate.h */ = {isa = PBXFileReference; lastKnownFileType = sourcecode.c.h; path = TweetWallAppDelegate.h; sourceTree = "<group>"; };
		F2CF8E381220439E00CDF2EE /* TweetWallAppDelegate.m */ = {isa = PBXFileReference; lastKnownFileType = sourcecode.c.objc; path = TweetWallAppDelegate.m; sourceTree = "<group>"; };
		F2CF8E3B1220439E00CDF2EE /* en */ = {isa = PBXFileReference; lastKnownFileType = file.xib; name = en; path = en.lproj/MainWindow.xib; sourceTree = "<group>"; };
		F2CF8E3D1220439E00CDF2EE /* TweetWallViewController.h */ = {isa = PBXFileReference; lastKnownFileType = sourcecode.c.h; path = TweetWallViewController.h; sourceTree = "<group>"; };
		F2CF8E3E1220439E00CDF2EE /* TweetWallViewController.m */ = {isa = PBXFileReference; lastKnownFileType = sourcecode.c.objc; path = TweetWallViewController.m; sourceTree = "<group>"; };
		F2CF8E411220439E00CDF2EE /* en */ = {isa = PBXFileReference; lastKnownFileType = file.xib; name = en; path = en.lproj/TweetWallViewController.xib; sourceTree = "<group>"; };
		F2D76A07122047C50084F721 /* CDataScanner_Extensions.h */ = {isa = PBXFileReference; fileEncoding = 4; lastKnownFileType = sourcecode.c.h; path = CDataScanner_Extensions.h; sourceTree = "<group>"; };
		F2D76A08122047C50084F721 /* CDataScanner_Extensions.m */ = {isa = PBXFileReference; fileEncoding = 4; lastKnownFileType = sourcecode.c.objc; path = CDataScanner_Extensions.m; sourceTree = "<group>"; };
		F2D76A09122047C50084F721 /* NSCharacterSet_Extensions.h */ = {isa = PBXFileReference; fileEncoding = 4; lastKnownFileType = sourcecode.c.h; path = NSCharacterSet_Extensions.h; sourceTree = "<group>"; };
		F2D76A0A122047C50084F721 /* NSCharacterSet_Extensions.m */ = {isa = PBXFileReference; fileEncoding = 4; lastKnownFileType = sourcecode.c.objc; path = NSCharacterSet_Extensions.m; sourceTree = "<group>"; };
		F2D76A0B122047C50084F721 /* NSDictionary_JSONExtensions.h */ = {isa = PBXFileReference; fileEncoding = 4; lastKnownFileType = sourcecode.c.h; path = NSDictionary_JSONExtensions.h; sourceTree = "<group>"; };
		F2D76A0C122047C50084F721 /* NSDictionary_JSONExtensions.m */ = {isa = PBXFileReference; fileEncoding = 4; lastKnownFileType = sourcecode.c.objc; path = NSDictionary_JSONExtensions.m; sourceTree = "<group>"; };
		F2D76A0D122047C50084F721 /* NSScanner_Extensions.h */ = {isa = PBXFileReference; fileEncoding = 4; lastKnownFileType = sourcecode.c.h; path = NSScanner_Extensions.h; sourceTree = "<group>"; };
		F2D76A0E122047C50084F721 /* NSScanner_Extensions.m */ = {isa = PBXFileReference; fileEncoding = 4; lastKnownFileType = sourcecode.c.objc; path = NSScanner_Extensions.m; sourceTree = "<group>"; };
		F2D76A0F122047C50084F721 /* CJSONDataSerializer.h */ = {isa = PBXFileReference; fileEncoding = 4; lastKnownFileType = sourcecode.c.h; path = CJSONDataSerializer.h; sourceTree = "<group>"; };
		F2D76A10122047C50084F721 /* CJSONDataSerializer.m */ = {isa = PBXFileReference; fileEncoding = 4; lastKnownFileType = sourcecode.c.objc; path = CJSONDataSerializer.m; sourceTree = "<group>"; };
		F2D76A11122047C50084F721 /* CJSONDeserializer.h */ = {isa = PBXFileReference; fileEncoding = 4; lastKnownFileType = sourcecode.c.h; path = CJSONDeserializer.h; sourceTree = "<group>"; };
		F2D76A12122047C50084F721 /* CJSONDeserializer.m */ = {isa = PBXFileReference; fileEncoding = 4; lastKnownFileType = sourcecode.c.objc; path = CJSONDeserializer.m; sourceTree = "<group>"; };
		F2D76A13122047C50084F721 /* CJSONScanner.h */ = {isa = PBXFileReference; fileEncoding = 4; lastKnownFileType = sourcecode.c.h; path = CJSONScanner.h; sourceTree = "<group>"; };
		F2D76A14122047C50084F721 /* CJSONScanner.m */ = {isa = PBXFileReference; fileEncoding = 4; lastKnownFileType = sourcecode.c.objc; path = CJSONScanner.m; sourceTree = "<group>"; };
		F2D76A15122047C50084F721 /* CJSONSerializer.h */ = {isa = PBXFileReference; fileEncoding = 4; lastKnownFileType = sourcecode.c.h; path = CJSONSerializer.h; sourceTree = "<group>"; };
		F2D76A16122047C50084F721 /* CJSONSerializer.m */ = {isa = PBXFileReference; fileEncoding = 4; lastKnownFileType = sourcecode.c.objc; path = CJSONSerializer.m; sourceTree = "<group>"; };
		F2D76A17122047C50084F721 /* CSerializedJSONData.h */ = {isa = PBXFileReference; fileEncoding = 4; lastKnownFileType = sourcecode.c.h; path = CSerializedJSONData.h; sourceTree = "<group>"; };
		F2D76A18122047C50084F721 /* CSerializedJSONData.m */ = {isa = PBXFileReference; fileEncoding = 4; lastKnownFileType = sourcecode.c.objc; path = CSerializedJSONData.m; sourceTree = "<group>"; };
		F2D76A19122047C50084F721 /* CDataScanner.h */ = {isa = PBXFileReference; fileEncoding = 4; lastKnownFileType = sourcecode.c.h; path = CDataScanner.h; sourceTree = "<group>"; };
		F2D76A1A122047C50084F721 /* CDataScanner.m */ = {isa = PBXFileReference; fileEncoding = 4; lastKnownFileType = sourcecode.c.objc; path = CDataScanner.m; sourceTree = "<group>"; };
		F2D76A2B122048280084F721 /* ImageLoader.h */ = {isa = PBXFileReference; fileEncoding = 4; lastKnownFileType = sourcecode.c.h; path = ImageLoader.h; sourceTree = "<group>"; };
		F2D76A2C122048280084F721 /* ImageLoader.m */ = {isa = PBXFileReference; fileEncoding = 4; lastKnownFileType = sourcecode.c.objc; path = ImageLoader.m; sourceTree = "<group>"; };
		F2F470571221C1A200AF5FC1 /* large-speech-bubble.png */ = {isa = PBXFileReference; lastKnownFileType = image.png; path = "large-speech-bubble.png"; sourceTree = "<group>"; };
		F2F470581221C1A200AF5FC1 /* user-block-bg.png */ = {isa = PBXFileReference; lastKnownFileType = image.png; path = "user-block-bg.png"; sourceTree = "<group>"; };
/* End PBXFileReference section */

/* Begin PBXFrameworksBuildPhase section */
		F2CF8E241220439E00CDF2EE /* Frameworks */ = {
			isa = PBXFrameworksBuildPhase;
			buildActionMask = 2147483647;
			files = (
				F2CF8E2B1220439E00CDF2EE /* UIKit.framework in Frameworks */,
				F2CF8E2D1220439E00CDF2EE /* Foundation.framework in Frameworks */,
				F2CF8E2F1220439E00CDF2EE /* CoreGraphics.framework in Frameworks */,
				5D60B7951220A32300A3A6BF /* QuartzCore.framework in Frameworks */,
				F29DD6C51221A80300B8F7BE /* libicucore.dylib in Frameworks */,
			);
			runOnlyForDeploymentPostprocessing = 0;
		};
/* End PBXFrameworksBuildPhase section */

/* Begin PBXGroup section */
		5D60B7361220A12B00A3A6BF /* Images */ = {
			isa = PBXGroup;
			children = (
				F2F470571221C1A200AF5FC1 /* large-speech-bubble.png */,
				F2F470581221C1A200AF5FC1 /* user-block-bg.png */,
				5D60B7371220A12B00A3A6BF /* space-bg.png */,
			);
			path = Images;
			sourceTree = "<group>";
		};
		F2CF8E181220439E00CDF2EE = {
			isa = PBXGroup;
			children = (
				F2CF8E1F1220439E00CDF2EE /* Classes */,
				F2CF8E201220439E00CDF2EE /* Other Sources */,
				F2CF8E211220439E00CDF2EE /* Resources */,
				F2CF8E221220439E00CDF2EE /* Frameworks */,
				F2CF8E281220439E00CDF2EE /* Products */,
			);
			sourceTree = "<group>";
		};
		F2CF8E1F1220439E00CDF2EE /* Classes */ = {
			isa = PBXGroup;
			children = (
				F29DD6BA1221A70B00B8F7BE /* RegexKitLite.h */,
				F29DD6BB1221A70B00B8F7BE /* RegexKitLite.m */,
				F2D76A32122048320084F721 /* backend */,
				F2D76A05122047C50084F721 /* jSON */,
				F2CF8E371220439E00CDF2EE /* TweetWallAppDelegate.h */,
				F2CF8E381220439E00CDF2EE /* TweetWallAppDelegate.m */,
				F2CF8E3D1220439E00CDF2EE /* TweetWallViewController.h */,
				F2CF8E3E1220439E00CDF2EE /* TweetWallViewController.m */,
				F2B0046512205EC50055478E /* TweetView.h */,
				F2B0046612205EC50055478E /* TweetView.m */,
				57BEB9461220901500874EF1 /* Utility.h */,
				57BEB9471220901500874EF1 /* Utility.m */,
				5D60B7A51220A38800A3A6BF /* CALayer+Additions.h */,
				5D60B7A61220A38800A3A6BF /* CALayer+Additions.m */,
			);
			path = Classes;
			sourceTree = "<group>";
		};
		F2CF8E201220439E00CDF2EE /* Other Sources */ = {
			isa = PBXGroup;
			children = (
				F2CF8E311220439E00CDF2EE /* TweetWall_Prefix.pch */,
				F2CF8E351220439E00CDF2EE /* main.m */,
			);
			name = "Other Sources";
			sourceTree = "<group>";
		};
		F2CF8E211220439E00CDF2EE /* Resources */ = {
			isa = PBXGroup;
			children = (
				5D60B7361220A12B00A3A6BF /* Images */,
				F2CF8E301220439E00CDF2EE /* TweetWall-Info.plist */,
				F2CF8E321220439E00CDF2EE /* InfoPlist.strings */,
				F2CF8E3A1220439E00CDF2EE /* MainWindow.xib */,
				F2CF8E401220439E00CDF2EE /* TweetWallViewController.xib */,
				F2B0046812205ED20055478E /* TweetView.xib */,
			);
			name = Resources;
			sourceTree = "<group>";
		};
		F2CF8E221220439E00CDF2EE /* Frameworks */ = {
			isa = PBXGroup;
			children = (
				F2CF8E2A1220439E00CDF2EE /* UIKit.framework */,
				F2CF8E2C1220439E00CDF2EE /* Foundation.framework */,
				F2CF8E2E1220439E00CDF2EE /* CoreGraphics.framework */,
				5D60B7941220A32300A3A6BF /* QuartzCore.framework */,
				F29DD6C41221A80300B8F7BE /* libicucore.dylib */,
			);
			name = Frameworks;
			sourceTree = "<group>";
		};
		F2CF8E281220439E00CDF2EE /* Products */ = {
			isa = PBXGroup;
			children = (
				F2CF8E271220439E00CDF2EE /* TweetWall.app */,
			);
			name = Products;
			sourceTree = "<group>";
		};
		F2D76A05122047C50084F721 /* jSON */ = {
			isa = PBXGroup;
			children = (
				F2D76A06122047C50084F721 /* Extensions */,
				F2D76A0F122047C50084F721 /* CJSONDataSerializer.h */,
				F2D76A10122047C50084F721 /* CJSONDataSerializer.m */,
				F2D76A11122047C50084F721 /* CJSONDeserializer.h */,
				F2D76A12122047C50084F721 /* CJSONDeserializer.m */,
				F2D76A13122047C50084F721 /* CJSONScanner.h */,
				F2D76A14122047C50084F721 /* CJSONScanner.m */,
				F2D76A15122047C50084F721 /* CJSONSerializer.h */,
				F2D76A16122047C50084F721 /* CJSONSerializer.m */,
				F2D76A17122047C50084F721 /* CSerializedJSONData.h */,
				F2D76A18122047C50084F721 /* CSerializedJSONData.m */,
				F2D76A19122047C50084F721 /* CDataScanner.h */,
				F2D76A1A122047C50084F721 /* CDataScanner.m */,
			);
			name = jSON;
			sourceTree = "<group>";
		};
		F2D76A06122047C50084F721 /* Extensions */ = {
			isa = PBXGroup;
			children = (
				F2D76A07122047C50084F721 /* CDataScanner_Extensions.h */,
				F2D76A08122047C50084F721 /* CDataScanner_Extensions.m */,
				F2D76A09122047C50084F721 /* NSCharacterSet_Extensions.h */,
				F2D76A0A122047C50084F721 /* NSCharacterSet_Extensions.m */,
				F2D76A0B122047C50084F721 /* NSDictionary_JSONExtensions.h */,
				F2D76A0C122047C50084F721 /* NSDictionary_JSONExtensions.m */,
				F2D76A0D122047C50084F721 /* NSScanner_Extensions.h */,
				F2D76A0E122047C50084F721 /* NSScanner_Extensions.m */,
			);
			path = Extensions;
			sourceTree = "<group>";
		};
		F2D76A32122048320084F721 /* backend */ = {
			isa = PBXGroup;
			children = (
				F2B0045C12205DCE0055478E /* Twitter.h */,
				F2B0045D12205DCE0055478E /* Twitter.m */,
				F2B0045E12205DCE0055478E /* Tweet.h */,
				F2B0045F12205DCE0055478E /* Tweet.m */,
				F2D76A2B122048280084F721 /* ImageLoader.h */,
				F2D76A2C122048280084F721 /* ImageLoader.m */,
			);
			name = backend;
			sourceTree = "<group>";
		};
/* End PBXGroup section */

/* Begin PBXNativeTarget section */
		F2CF8E261220439E00CDF2EE /* TweetWall */ = {
			isa = PBXNativeTarget;
			buildConfigurationList = F2CF8E451220439E00CDF2EE /* Build configuration list for PBXNativeTarget "TweetWall" */;
			buildPhases = (
				F2CF8E231220439E00CDF2EE /* Sources */,
				F2CF8E241220439E00CDF2EE /* Frameworks */,
				F2CF8E251220439E00CDF2EE /* Resources */,
			);
			buildRules = (
			);
			dependencies = (
			);
			name = TweetWall;
			productName = SocialFrame;
			productReference = F2CF8E271220439E00CDF2EE /* TweetWall.app */;
			productType = "com.apple.product-type.application";
		};
/* End PBXNativeTarget section */

/* Begin PBXProject section */
		F2CF8E1A1220439E00CDF2EE /* Project object */ = {
			isa = PBXProject;
			attributes = {
				ORGANIZATIONNAME = "Kwenti inc";
			};
			buildConfigurationList = F2CF8E1D1220439E00CDF2EE /* Build configuration list for PBXProject "TweetWall" */;
			compatibilityVersion = "Xcode 3.2";
			developmentRegion = English;
			hasScannedForEncodings = 0;
			knownRegions = (
				en,
			);
			mainGroup = F2CF8E181220439E00CDF2EE;
			productRefGroup = F2CF8E281220439E00CDF2EE /* Products */;
			projectDirPath = "";
			projectRoot = "";
			targets = (
				F2CF8E261220439E00CDF2EE /* TweetWall */,
			);
		};
/* End PBXProject section */

/* Begin PBXResourcesBuildPhase section */
		F2CF8E251220439E00CDF2EE /* Resources */ = {
			isa = PBXResourcesBuildPhase;
			buildActionMask = 2147483647;
			files = (
				F2CF8E341220439E00CDF2EE /* InfoPlist.strings in Resources */,
				F2CF8E3C1220439E00CDF2EE /* MainWindow.xib in Resources */,
				F2CF8E421220439E00CDF2EE /* TweetWallViewController.xib in Resources */,
				F2B0046912205ED20055478E /* TweetView.xib in Resources */,
				5D60B7381220A12B00A3A6BF /* space-bg.png in Resources */,
				F2F470591221C1A200AF5FC1 /* large-speech-bubble.png in Resources */,
				F2F4705A1221C1A200AF5FC1 /* user-block-bg.png in Resources */,
			);
			runOnlyForDeploymentPostprocessing = 0;
		};
/* End PBXResourcesBuildPhase section */

/* Begin PBXSourcesBuildPhase section */
		F2CF8E231220439E00CDF2EE /* Sources */ = {
			isa = PBXSourcesBuildPhase;
			buildActionMask = 2147483647;
			files = (
				F2CF8E361220439E00CDF2EE /* main.m in Sources */,
				F2CF8E391220439E00CDF2EE /* TweetWallAppDelegate.m in Sources */,
				F2CF8E3F1220439E00CDF2EE /* TweetWallViewController.m in Sources */,
				F2D76A1B122047C50084F721 /* CDataScanner_Extensions.m in Sources */,
				F2D76A1C122047C50084F721 /* NSCharacterSet_Extensions.m in Sources */,
				F2D76A1D122047C50084F721 /* NSDictionary_JSONExtensions.m in Sources */,
				F2D76A1E122047C50084F721 /* NSScanner_Extensions.m in Sources */,
				F2D76A1F122047C50084F721 /* CJSONDataSerializer.m in Sources */,
				F2D76A20122047C50084F721 /* CJSONDeserializer.m in Sources */,
				F2D76A21122047C50084F721 /* CJSONScanner.m in Sources */,
				F2D76A22122047C50084F721 /* CJSONSerializer.m in Sources */,
				F2D76A23122047C50084F721 /* CSerializedJSONData.m in Sources */,
				F2D76A24122047C50084F721 /* CDataScanner.m in Sources */,
				F2D76A30122048280084F721 /* ImageLoader.m in Sources */,
				F2B0046012205DCE0055478E /* Twitter.m in Sources */,
				F2B0046112205DCE0055478E /* Tweet.m in Sources */,
				F2B0046712205EC50055478E /* TweetView.m in Sources */,
				57BEB9481220901500874EF1 /* Utility.m in Sources */,
				5D60B7A71220A38800A3A6BF /* CALayer+Additions.m in Sources */,
				F29DD6BC1221A70B00B8F7BE /* RegexKitLite.m in Sources */,
			);
			runOnlyForDeploymentPostprocessing = 0;
		};
/* End PBXSourcesBuildPhase section */

/* Begin PBXVariantGroup section */
		F2CF8E321220439E00CDF2EE /* InfoPlist.strings */ = {
			isa = PBXVariantGroup;
			children = (
				F2CF8E331220439E00CDF2EE /* en */,
			);
			name = InfoPlist.strings;
			sourceTree = "<group>";
		};
		F2CF8E3A1220439E00CDF2EE /* MainWindow.xib */ = {
			isa = PBXVariantGroup;
			children = (
				F2CF8E3B1220439E00CDF2EE /* en */,
			);
			name = MainWindow.xib;
			sourceTree = "<group>";
		};
		F2CF8E401220439E00CDF2EE /* TweetWallViewController.xib */ = {
			isa = PBXVariantGroup;
			children = (
				F2CF8E411220439E00CDF2EE /* en */,
			);
			name = TweetWallViewController.xib;
			sourceTree = "<group>";
		};
/* End PBXVariantGroup section */

/* Begin XCBuildConfiguration section */
		F2CF8E431220439E00CDF2EE /* Debug */ = {
			isa = XCBuildConfiguration;
			buildSettings = {
				ARCHS = "$(ARCHS_UNIVERSAL_IPHONE_OS)";
				"CODE_SIGN_IDENTITY[sdk=iphoneos*]" = "iPhone Developer";
				GCC_C_LANGUAGE_STANDARD = gnu99;
				GCC_OPTIMIZATION_LEVEL = 0;
				GCC_PREPROCESSOR_DEFINITIONS = DEBUG;
				GCC_VERSION = com.apple.compilers.llvm.clang.1_0;
				GCC_WARN_ABOUT_RETURN_TYPE = YES;
				GCC_WARN_UNUSED_VARIABLE = YES;
				PREBINDING = NO;
				SDKROOT = iphoneos3.2;
				TARGETED_DEVICE_FAMILY = 2;
			};
			name = Debug;
		};
		F2CF8E441220439E00CDF2EE /* Release */ = {
			isa = XCBuildConfiguration;
			buildSettings = {
				ARCHS = "$(ARCHS_UNIVERSAL_IPHONE_OS)";
				CODE_SIGN_IDENTITY = "iPhone Developer: Xavier Damman (8392A3T5KH)";
				"CODE_SIGN_IDENTITY[sdk=iphoneos*]" = "iPhone Developer: Xavier Damman (8392A3T5KH)";
				GCC_C_LANGUAGE_STANDARD = gnu99;
				GCC_WARN_ABOUT_RETURN_TYPE = YES;
				GCC_WARN_UNUSED_VARIABLE = YES;
				OTHER_CFLAGS = "-DNS_BLOCK_ASSERTIONS=1";
				PREBINDING = NO;
				PROVISIONING_PROFILE = "C19B1C52-50A0-47A3-9F94-5F53A2BF3A90";
				"PROVISIONING_PROFILE[sdk=iphoneos*]" = "C19B1C52-50A0-47A3-9F94-5F53A2BF3A90";
				SDKROOT = iphoneos3.2;
				TARGETED_DEVICE_FAMILY = 2;
			};
			name = Release;
		};
		F2CF8E461220439E00CDF2EE /* Debug */ = {
			isa = XCBuildConfiguration;
			buildSettings = {
				ALWAYS_SEARCH_USER_PATHS = NO;
				COPY_PHASE_STRIP = NO;
				GCC_DYNAMIC_NO_PIC = NO;
				GCC_PRECOMPILE_PREFIX_HEADER = YES;
				GCC_PREFIX_HEADER = TweetWall_Prefix.pch;
				INFOPLIST_FILE = "TweetWall-Info.plist";
				PRODUCT_NAME = TweetWall;
				WRAPPER_EXTENSION = app;
			};
			name = Debug;
		};
		F2CF8E471220439E00CDF2EE /* Release */ = {
			isa = XCBuildConfiguration;
			buildSettings = {
				ALWAYS_SEARCH_USER_PATHS = NO;
				COPY_PHASE_STRIP = YES;
				GCC_PRECOMPILE_PREFIX_HEADER = YES;
				GCC_PREFIX_HEADER = TweetWall_Prefix.pch;
				INFOPLIST_FILE = "TweetWall-Info.plist";
				PRODUCT_NAME = TweetWall;
				VALIDATE_PRODUCT = YES;
				WRAPPER_EXTENSION = app;
			};
			name = Release;
		};
/* End XCBuildConfiguration section */

/* Begin XCConfigurationList section */
		F2CF8E1D1220439E00CDF2EE /* Build configuration list for PBXProject "TweetWall" */ = {
			isa = XCConfigurationList;
			buildConfigurations = (
				F2CF8E431220439E00CDF2EE /* Debug */,
				F2CF8E441220439E00CDF2EE /* Release */,
			);
			defaultConfigurationIsVisible = 0;
			defaultConfigurationName = Release;
		};
		F2CF8E451220439E00CDF2EE /* Build configuration list for PBXNativeTarget "TweetWall" */ = {
			isa = XCConfigurationList;
			buildConfigurations = (
				F2CF8E461220439E00CDF2EE /* Debug */,
				F2CF8E471220439E00CDF2EE /* Release */,
			);
			defaultConfigurationIsVisible = 0;
			defaultConfigurationName = Release;
		};
/* End XCConfigurationList section */
	};
	rootObject = F2CF8E1A1220439E00CDF2EE /* Project object */;
}
